
Microsoft Visual Studio Solution File, Format Version 12.00
# Visual Studio Version 16
VisualStudioVersion = 16.0.30309.148
MinimumVisualStudioVersion = 10.0.40219.1
Project("{FAE04EC0-301F-11D3-BF4B-00C04F79EFBC}") = "CellularAutomaton", "CellularAutomaton.csproj", "{BA85A630-6E04-448D-BE26-CA46FF99BE56}"
EndProject
Global
	GlobalSection(SolutionConfigurationPlatforms) = preSolution
		Debug|Any CPU = Debug|Any CPU
		Release|Any CPU = Release|Any CPU
	EndGlobalSection
	GlobalSection(ProjectConfigurationPlatforms) = postSolution
		{BA85A630-6E04-448D-BE26-CA46FF99BE56}.Debug|Any CPU.ActiveCfg = Debug|Any CPU
		{BA85A630-6E04-448D-BE26-CA46FF99BE56}.Debug|Any CPU.Build.0 = Debug|Any CPU
		{BA85A630-6E04-448D-BE26-CA46FF99BE56}.Release|Any CPU.ActiveCfg = Release|Any CPU
		{BA85A630-6E04-448D-BE26-CA46FF99BE56}.Release|Any CPU.Build.0 = Release|Any CPU
	EndGlobalSection
	GlobalSection(SolutionProperties) = preSolution
		HideSolutionNode = FALSE
	EndGlobalSection
	GlobalSection(ExtensibilityGlobals) = postSolution
		SolutionGuid = {ADDBDB14-8AEB-43B7-8C96-F6574A4BC406}
	EndGlobalSection
EndGlobal
